
Microsoft Visual Studio Solution File, Format Version 12.00
# Visual Studio Version 17
VisualStudioVersion = 17.4.33213.308
MinimumVisualStudioVersion = 10.0.40219.1
Project("{FAE04EC0-301F-11D3-BF4B-00C04F79EFBC}") = "Challenge", "Challenge\Challenge.csproj", "{C53DB457-29C4-4777-9083-3512F9323F15}"
EndProject
Global
	GlobalSection(SolutionConfigurationPlatforms) = preSolution
		Debug|Any CPU = Debug|Any CPU
		Release|Any CPU = Release|Any CPU
	EndGlobalSection
	GlobalSection(ProjectConfigurationPlatforms) = postSolution
		{C53DB457-29C4-4777-9083-3512F9323F15}.Debug|Any CPU.ActiveCfg = Debug|Any CPU
		{C53DB457-29C4-4777-9083-3512F9323F15}.Debug|Any CPU.Build.0 = Debug|Any CPU
		{C53DB457-29C4-4777-9083-3512F9323F15}.Release|Any CPU.ActiveCfg = Release|Any CPU
		{C53DB457-29C4-4777-9083-3512F9323F15}.Release|Any CPU.Build.0 = Release|Any CPU
	EndGlobalSection
	GlobalSection(SolutionProperties) = preSolution
		HideSolutionNode = FALSE
	EndGlobalSection
	GlobalSection(ExtensibilityGlobals) = postSolution
		SolutionGuid = {617A2E74-AAE0-4E80-80CA-0614132E14B6}
	EndGlobalSection
EndGlobal
